
Microsoft Visual Studio Solution File, Format Version 12.00
# Visual Studio Version 17
VisualStudioVersion = 17.0.31903.59
MinimumVisualStudioVersion = 10.0.40219.1
Project("{FAE04EC0-301F-11D3-BF4B-00C04F79EFBC}") = "ElasticSearch.Core", "ElasticSearch.Core\ElasticSearch.Core.csproj", "{53071036-5C6F-4EAA-9F7F-385B53A8CF89}"
EndProject
Project("{FAE04EC0-301F-11D3-BF4B-00C04F79EFBC}") = "ElasticSearch.Api", "ElasticSearch.Api\ElasticSearch.Api.csproj", "{1E1FAF18-3CB6-4B0C-A55C-185483DB9966}"
EndProject
Project("{FAE04EC0-301F-11D3-BF4B-00C04F79EFBC}") = "ElasticSearch.Jobs", "ElasticSearch.Jobs\ElasticSearch.Jobs.csproj", "{DD8926EA-B530-4CED-8687-F73EF2D4F951}"
EndProject
Global
	GlobalSection(SolutionConfigurationPlatforms) = preSolution
		Debug|Any CPU = Debug|Any CPU
		Debug|x64 = Debug|x64
		Debug|x86 = Debug|x86
		Release|Any CPU = Release|Any CPU
		Release|x64 = Release|x64
		Release|x86 = Release|x86
	EndGlobalSection
	GlobalSection(ProjectConfigurationPlatforms) = postSolution
		{53071036-5C6F-4EAA-9F7F-385B53A8CF89}.Debug|Any CPU.ActiveCfg = Debug|Any CPU
		{53071036-5C6F-4EAA-9F7F-385B53A8CF89}.Debug|Any CPU.Build.0 = Debug|Any CPU
		{53071036-5C6F-4EAA-9F7F-385B53A8CF89}.Debug|x64.ActiveCfg = Debug|Any CPU
		{53071036-5C6F-4EAA-9F7F-385B53A8CF89}.Debug|x64.Build.0 = Debug|Any CPU
		{53071036-5C6F-4EAA-9F7F-385B53A8CF89}.Debug|x86.ActiveCfg = Debug|Any CPU
		{53071036-5C6F-4EAA-9F7F-385B53A8CF89}.Debug|x86.Build.0 = Debug|Any CPU
		{53071036-5C6F-4EAA-9F7F-385B53A8CF89}.Release|Any CPU.ActiveCfg = Release|Any CPU
		{53071036-5C6F-4EAA-9F7F-385B53A8CF89}.Release|Any CPU.Build.0 = Release|Any CPU
		{53071036-5C6F-4EAA-9F7F-385B53A8CF89}.Release|x64.ActiveCfg = Release|Any CPU
		{53071036-5C6F-4EAA-9F7F-385B53A8CF89}.Release|x64.Build.0 = Release|Any CPU
		{53071036-5C6F-4EAA-9F7F-385B53A8CF89}.Release|x86.ActiveCfg = Release|Any CPU
		{53071036-5C6F-4EAA-9F7F-385B53A8CF89}.Release|x86.Build.0 = Release|Any CPU
		{1E1FAF18-3CB6-4B0C-A55C-185483DB9966}.Debug|Any CPU.ActiveCfg = Debug|Any CPU
		{1E1FAF18-3CB6-4B0C-A55C-185483DB9966}.Debug|Any CPU.Build.0 = Debug|Any CPU
		{1E1FAF18-3CB6-4B0C-A55C-185483DB9966}.Debug|x64.ActiveCfg = Debug|Any CPU
		{1E1FAF18-3CB6-4B0C-A55C-185483DB9966}.Debug|x64.Build.0 = Debug|Any CPU
		{1E1FAF18-3CB6-4B0C-A55C-185483DB9966}.Debug|x86.ActiveCfg = Debug|Any CPU
		{1E1FAF18-3CB6-4B0C-A55C-185483DB9966}.Debug|x86.Build.0 = Debug|Any CPU
		{1E1FAF18-3CB6-4B0C-A55C-185483DB9966}.Release|Any CPU.ActiveCfg = Release|Any CPU
		{1E1FAF18-3CB6-4B0C-A55C-185483DB9966}.Release|Any CPU.Build.0 = Release|Any CPU
		{1E1FAF18-3CB6-4B0C-A55C-185483DB9966}.Release|x64.ActiveCfg = Release|Any CPU
		{1E1FAF18-3CB6-4B0C-A55C-185483DB9966}.Release|x64.Build.0 = Release|Any CPU
		{1E1FAF18-3CB6-4B0C-A55C-185483DB9966}.Release|x86.ActiveCfg = Release|Any CPU
		{1E1FAF18-3CB6-4B0C-A55C-185483DB9966}.Release|x86.Build.0 = Release|Any CPU
		{DD8926EA-B530-4CED-8687-F73EF2D4F951}.Debug|Any CPU.ActiveCfg = Debug|Any CPU
		{DD8926EA-B530-4CED-8687-F73EF2D4F951}.Debug|Any CPU.Build.0 = Debug|Any CPU
		{DD8926EA-B530-4CED-8687-F73EF2D4F951}.Debug|x64.ActiveCfg = Debug|Any CPU
		{DD8926EA-B530-4CED-8687-F73EF2D4F951}.Debug|x64.Build.0 = Debug|Any CPU
		{DD8926EA-B530-4CED-8687-F73EF2D4F951}.Debug|x86.ActiveCfg = Debug|Any CPU
		{DD8926EA-B530-4CED-8687-F73EF2D4F951}.Debug|x86.Build.0 = Debug|Any CPU
		{DD8926EA-B530-4CED-8687-F73EF2D4F951}.Release|Any CPU.ActiveCfg = Release|Any CPU
		{DD8926EA-B530-4CED-8687-F73EF2D4F951}.Release|Any CPU.Build.0 = Release|Any CPU
		{DD8926EA-B530-4CED-8687-F73EF2D4F951}.Release|x64.ActiveCfg = Release|Any CPU
		{DD8926EA-B530-4CED-8687-F73EF2D4F951}.Release|x64.Build.0 = Release|Any CPU
		{DD8926EA-B530-4CED-8687-F73EF2D4F951}.Release|x86.ActiveCfg = Release|Any CPU
		{DD8926EA-B530-4CED-8687-F73EF2D4F951}.Release|x86.Build.0 = Release|Any CPU
	EndGlobalSection
	GlobalSection(SolutionProperties) = preSolution
		HideSolutionNode = FALSE
	EndGlobalSection
EndGlobal
